// !$*UTF8*$!
{
	archiveVersion = 1;
	classes = {
	};
	objectVersion = 56;
	objects = {

/* Begin PBXBuildFile section */
		8969C9F729C1ED09001A6865 /* TikTokTTSApp.swift in Sources */ = {isa = PBXBuildFile; fileRef = 8969C9F629C1ED09001A6865 /* TikTokTTSApp.swift */; };
		8969C9F929C1ED09001A6865 /* ContentView.swift in Sources */ = {isa = PBXBuildFile; fileRef = 8969C9F829C1ED09001A6865 /* ContentView.swift */; };
		8969C9FB29C1ED0B001A6865 /* Assets.xcassets in Resources */ = {isa = PBXBuildFile; fileRef = 8969C9FA29C1ED0B001A6865 /* Assets.xcassets */; };
		8969C9FE29C1ED0B001A6865 /* Preview Assets.xcassets in Resources */ = {isa = PBXBuildFile; fileRef = 8969C9FD29C1ED0B001A6865 /* Preview Assets.xcassets */; };
		8969CA0929C1ED28001A6865 /* MainView.swift in Sources */ = {isa = PBXBuildFile; fileRef = 8969CA0829C1ED28001A6865 /* MainView.swift */; };
		8969CA0C29C1EE25001A6865 /* Alamofire in Frameworks */ = {isa = PBXBuildFile; productRef = 8969CA0B29C1EE25001A6865 /* Alamofire */; };
		8969CA1229C21EA3001A6865 /* TTSResponse.swift in Sources */ = {isa = PBXBuildFile; fileRef = 8969CA1129C21EA3001A6865 /* TTSResponse.swift */; };
		8969CA1629C22768001A6865 /* Voices.swift in Sources */ = {isa = PBXBuildFile; fileRef = 8969CA1529C22768001A6865 /* Voices.swift */; };
/* End PBXBuildFile section */

/* Begin PBXFileReference section */
		8969C9F329C1ED09001A6865 /* TikTokTTS.app */ = {isa = PBXFileReference; explicitFileType = wrapper.application; includeInIndex = 0; path = TikTokTTS.app; sourceTree = BUILT_PRODUCTS_DIR; };
		8969C9F629C1ED09001A6865 /* TikTokTTSApp.swift */ = {isa = PBXFileReference; lastKnownFileType = sourcecode.swift; path = TikTokTTSApp.swift; sourceTree = "<group>"; };
		8969C9F829C1ED09001A6865 /* ContentView.swift */ = {isa = PBXFileReference; lastKnownFileType = sourcecode.swift; path = ContentView.swift; sourceTree = "<group>"; };
		8969C9FA29C1ED0B001A6865 /* Assets.xcassets */ = {isa = PBXFileReference; lastKnownFileType = folder.assetcatalog; path = Assets.xcassets; sourceTree = "<group>"; };
		8969C9FD29C1ED0B001A6865 /* Preview Assets.xcassets */ = {isa = PBXFileReference; lastKnownFileType = folder.assetcatalog; path = "Preview Assets.xcassets"; sourceTree = "<group>"; };
		8969C9FF29C1ED0B001A6865 /* TikTokTTS.entitlements */ = {isa = PBXFileReference; lastKnownFileType = text.plist.entitlements; path = TikTokTTS.entitlements; sourceTree = "<group>"; };
		8969CA0829C1ED28001A6865 /* MainView.swift */ = {isa = PBXFileReference; lastKnownFileType = sourcecode.swift; path = MainView.swift; sourceTree = "<group>"; };
		8969CA1129C21EA3001A6865 /* TTSResponse.swift */ = {isa = PBXFileReference; lastKnownFileType = sourcecode.swift; path = TTSResponse.swift; sourceTree = "<group>"; };
		8969CA1529C22768001A6865 /* Voices.swift */ = {isa = PBXFileReference; lastKnownFileType = sourcecode.swift; path = Voices.swift; sourceTree = "<group>"; };
/* End PBXFileReference section */

/* Begin PBXFrameworksBuildPhase section */
		8969C9F029C1ED09001A6865 /* Frameworks */ = {
			isa = PBXFrameworksBuildPhase;
			buildActionMask = 2147483647;
			files = (
				8969CA0C29C1EE25001A6865 /* Alamofire in Frameworks */,
			);
			runOnlyForDeploymentPostprocessing = 0;
		};
/* End PBXFrameworksBuildPhase section */

/* Begin PBXGroup section */
		8969C9EA29C1ED09001A6865 = {
			isa = PBXGroup;
			children = (
				8969C9F529C1ED09001A6865 /* TikTokTTS */,
				8969C9F429C1ED09001A6865 /* Products */,
			);
			sourceTree = "<group>";
		};
		8969C9F429C1ED09001A6865 /* Products */ = {
			isa = PBXGroup;
			children = (
				8969C9F329C1ED09001A6865 /* TikTokTTS.app */,
			);
			name = Products;
			sourceTree = "<group>";
		};
		8969C9F529C1ED09001A6865 /* TikTokTTS */ = {
			isa = PBXGroup;
			children = (
				8969CA1029C21E9A001A6865 /* Structs */,
				8969CA0529C1ED14001A6865 /* Views */,
				8969C9F629C1ED09001A6865 /* TikTokTTSApp.swift */,
				8969C9F829C1ED09001A6865 /* ContentView.swift */,
				8969CA1529C22768001A6865 /* Voices.swift */,
				8969C9FA29C1ED0B001A6865 /* Assets.xcassets */,
				8969C9FF29C1ED0B001A6865 /* TikTokTTS.entitlements */,
				8969C9FC29C1ED0B001A6865 /* Preview Content */,
			);
			path = TikTokTTS;
			sourceTree = "<group>";
		};
		8969C9FC29C1ED0B001A6865 /* Preview Content */ = {
			isa = PBXGroup;
			children = (
				8969C9FD29C1ED0B001A6865 /* Preview Assets.xcassets */,
			);
			path = "Preview Content";
			sourceTree = "<group>";
		};
		8969CA0529C1ED14001A6865 /* Views */ = {
			isa = PBXGroup;
			children = (
				8969CA0829C1ED28001A6865 /* MainView.swift */,
			);
			path = Views;
			sourceTree = "<group>";
		};
		8969CA1029C21E9A001A6865 /* Structs */ = {
			isa = PBXGroup;
			children = (
				8969CA1129C21EA3001A6865 /* TTSResponse.swift */,
			);
			path = Structs;
			sourceTree = "<group>";
		};
/* End PBXGroup section */

/* Begin PBXNativeTarget section */
		8969C9F229C1ED09001A6865 /* TikTokTTS */ = {
			isa = PBXNativeTarget;
			buildConfigurationList = 8969CA0229C1ED0B001A6865 /* Build configuration list for PBXNativeTarget "TikTokTTS" */;
			buildPhases = (
				8969C9EF29C1ED09001A6865 /* Sources */,
				8969C9F029C1ED09001A6865 /* Frameworks */,
				8969C9F129C1ED09001A6865 /* Resources */,
			);
			buildRules = (
			);
			dependencies = (
			);
			name = TikTokTTS;
			packageProductDependencies = (
				8969CA0B29C1EE25001A6865 /* Alamofire */,
			);
			productName = TikTokTTS;
			productReference = 8969C9F329C1ED09001A6865 /* TikTokTTS.app */;
			productType = "com.apple.product-type.application";
		};
/* End PBXNativeTarget section */

/* Begin PBXProject section */
		8969C9EB29C1ED09001A6865 /* Project object */ = {
			isa = PBXProject;
			attributes = {
				BuildIndependentTargetsInParallel = 1;
				LastSwiftUpdateCheck = 1420;
				LastUpgradeCheck = 1420;
				TargetAttributes = {
					8969C9F229C1ED09001A6865 = {
						CreatedOnToolsVersion = 14.2;
					};
				};
			};
			buildConfigurationList = 8969C9EE29C1ED09001A6865 /* Build configuration list for PBXProject "TikTokTTS" */;
			compatibilityVersion = "Xcode 14.0";
			developmentRegion = en;
			hasScannedForEncodings = 0;
			knownRegions = (
				en,
				Base,
			);
			mainGroup = 8969C9EA29C1ED09001A6865;
			packageReferences = (
				8969CA0A29C1EE25001A6865 /* XCRemoteSwiftPackageReference "Alamofire" */,
			);
			productRefGroup = 8969C9F429C1ED09001A6865 /* Products */;
			projectDirPath = "";
			projectRoot = "";
			targets = (
				8969C9F229C1ED09001A6865 /* TikTokTTS */,
			);
		};
/* End PBXProject section */

/* Begin PBXResourcesBuildPhase section */
		8969C9F129C1ED09001A6865 /* Resources */ = {
			isa = PBXResourcesBuildPhase;
			buildActionMask = 2147483647;
			files = (
				8969C9FE29C1ED0B001A6865 /* Preview Assets.xcassets in Resources */,
				8969C9FB29C1ED0B001A6865 /* Assets.xcassets in Resources */,
			);
			runOnlyForDeploymentPostprocessing = 0;
		};
/* End PBXResourcesBuildPhase section */

/* Begin PBXSourcesBuildPhase section */
		8969C9EF29C1ED09001A6865 /* Sources */ = {
			isa = PBXSourcesBuildPhase;
			buildActionMask = 2147483647;
			files = (
				8969CA1629C22768001A6865 /* Voices.swift in Sources */,
				8969C9F929C1ED09001A6865 /* ContentView.swift in Sources */,
				8969CA0929C1ED28001A6865 /* MainView.swift in Sources */,
				8969CA1229C21EA3001A6865 /* TTSResponse.swift in Sources */,
				8969C9F729C1ED09001A6865 /* TikTokTTSApp.swift in Sources */,
			);
			runOnlyForDeploymentPostprocessing = 0;
		};
/* End PBXSourcesBuildPhase section */

/* Begin XCBuildConfiguration section */
		8969CA0029C1ED0B001A6865 /* Debug */ = {
			isa = XCBuildConfiguration;
			buildSettings = {
				ALWAYS_SEARCH_USER_PATHS = NO;
				CLANG_ANALYZER_NONNULL = YES;
				CLANG_ANALYZER_NUMBER_OBJECT_CONVERSION = YES_AGGRESSIVE;
				CLANG_CXX_LANGUAGE_STANDARD = "gnu++20";
				CLANG_ENABLE_MODULES = YES;
				CLANG_ENABLE_OBJC_ARC = YES;
				CLANG_ENABLE_OBJC_WEAK = YES;
				CLANG_WARN_BLOCK_CAPTURE_AUTORELEASING = YES;
				CLANG_WARN_BOOL_CONVERSION = YES;
				CLANG_WARN_COMMA = YES;
				CLANG_WARN_CONSTANT_CONVERSION = YES;
				CLANG_WARN_DEPRECATED_OBJC_IMPLEMENTATIONS = YES;
				CLANG_WARN_DIRECT_OBJC_ISA_USAGE = YES_ERROR;
				CLANG_WARN_DOCUMENTATION_COMMENTS = YES;
				CLANG_WARN_EMPTY_BODY = YES;
				CLANG_WARN_ENUM_CONVERSION = YES;
				CLANG_WARN_INFINITE_RECURSION = YES;
				CLANG_WARN_INT_CONVERSION = YES;
				CLANG_WARN_NON_LITERAL_NULL_CONVERSION = YES;
				CLANG_WARN_OBJC_IMPLICIT_RETAIN_SELF = YES;
				CLANG_WARN_OBJC_LITERAL_CONVERSION = YES;
				CLANG_WARN_OBJC_ROOT_CLASS = YES_ERROR;
				CLANG_WARN_QUOTED_INCLUDE_IN_FRAMEWORK_HEADER = YES;
				CLANG_WARN_RANGE_LOOP_ANALYSIS = YES;
				CLANG_WARN_STRICT_PROTOTYPES = YES;
				CLANG_WARN_SUSPICIOUS_MOVE = YES;
				CLANG_WARN_UNGUARDED_AVAILABILITY = YES_AGGRESSIVE;
				CLANG_WARN_UNREACHABLE_CODE = YES;
				CLANG_WARN__DUPLICATE_METHOD_MATCH = YES;
				COPY_PHASE_STRIP = NO;
				DEBUG_INFORMATION_FORMAT = dwarf;
				ENABLE_STRICT_OBJC_MSGSEND = YES;
				ENABLE_TESTABILITY = YES;
				GCC_C_LANGUAGE_STANDARD = gnu11;
				GCC_DYNAMIC_NO_PIC = NO;
				GCC_NO_COMMON_BLOCKS = YES;
				GCC_OPTIMIZATION_LEVEL = 0;
				GCC_PREPROCESSOR_DEFINITIONS = (
					"DEBUG=1",
					"$(inherited)",
				);
				GCC_WARN_64_TO_32_BIT_CONVERSION = YES;
				GCC_WARN_ABOUT_RETURN_TYPE = YES_ERROR;
				GCC_WARN_UNDECLARED_SELECTOR = YES;
				GCC_WARN_UNINITIALIZED_AUTOS = YES_AGGRESSIVE;
				GCC_WARN_UNUSED_FUNCTION = YES;
				GCC_WARN_UNUSED_VARIABLE = YES;
				MACOSX_DEPLOYMENT_TARGET = 13.1;
				MTL_ENABLE_DEBUG_INFO = INCLUDE_SOURCE;
				MTL_FAST_MATH = YES;
				ONLY_ACTIVE_ARCH = YES;
				SDKROOT = macosx;
				SWIFT_ACTIVE_COMPILATION_CONDITIONS = DEBUG;
				SWIFT_OPTIMIZATION_LEVEL = "-Onone";
			};
			name = Debug;
		};
		8969CA0129C1ED0B001A6865 /* Release */ = {
			isa = XCBuildConfiguration;
			buildSettings = {
				ALWAYS_SEARCH_USER_PATHS = NO;
				CLANG_ANALYZER_NONNULL = YES;
				CLANG_ANALYZER_NUMBER_OBJECT_CONVERSION = YES_AGGRESSIVE;
				CLANG_CXX_LANGUAGE_STANDARD = "gnu++20";
				CLANG_ENABLE_MODULES = YES;
				CLANG_ENABLE_OBJC_ARC = YES;
				CLANG_ENABLE_OBJC_WEAK = YES;
				CLANG_WARN_BLOCK_CAPTURE_AUTORELEASING = YES;
				CLANG_WARN_BOOL_CONVERSION = YES;
				CLANG_WARN_COMMA = YES;
				CLANG_WARN_CONSTANT_CONVERSION = YES;
				CLANG_WARN_DEPRECATED_OBJC_IMPLEMENTATIONS = YES;
				CLANG_WARN_DIRECT_OBJC_ISA_USAGE = YES_ERROR;
				CLANG_WARN_DOCUMENTATION_COMMENTS = YES;
				CLANG_WARN_EMPTY_BODY = YES;
				CLANG_WARN_ENUM_CONVERSION = YES;
				CLANG_WARN_INFINITE_RECURSION = YES;
				CLANG_WARN_INT_CONVERSION = YES;
				CLANG_WARN_NON_LITERAL_NULL_CONVERSION = YES;
				CLANG_WARN_OBJC_IMPLICIT_RETAIN_SELF = YES;
				CLANG_WARN_OBJC_LITERAL_CONVERSION = YES;
				CLANG_WARN_OBJC_ROOT_CLASS = YES_ERROR;
				CLANG_WARN_QUOTED_INCLUDE_IN_FRAMEWORK_HEADER = YES;
				CLANG_WARN_RANGE_LOOP_ANALYSIS = YES;
				CLANG_WARN_STRICT_PROTOTYPES = YES;
				CLANG_WARN_SUSPICIOUS_MOVE = YES;
				CLANG_WARN_UNGUARDED_AVAILABILITY = YES_AGGRESSIVE;
				CLANG_WARN_UNREACHABLE_CODE = YES;
				CLANG_WARN__DUPLICATE_METHOD_MATCH = YES;
				COPY_PHASE_STRIP = NO;
				DEBUG_INFORMATION_FORMAT = "dwarf-with-dsym";
				ENABLE_NS_ASSERTIONS = NO;
				ENABLE_STRICT_OBJC_MSGSEND = YES;
				GCC_C_LANGUAGE_STANDARD = gnu11;
				GCC_NO_COMMON_BLOCKS = YES;
				GCC_WARN_64_TO_32_BIT_CONVERSION = YES;
				GCC_WARN_ABOUT_RETURN_TYPE = YES_ERROR;
				GCC_WARN_UNDECLARED_SELECTOR = YES;
				GCC_WARN_UNINITIALIZED_AUTOS = YES_AGGRESSIVE;
				GCC_WARN_UNUSED_FUNCTION = YES;
				GCC_WARN_UNUSED_VARIABLE = YES;
				MACOSX_DEPLOYMENT_TARGET = 13.1;
				MTL_ENABLE_DEBUG_INFO = NO;
				MTL_FAST_MATH = YES;
				SDKROOT = macosx;
				SWIFT_COMPILATION_MODE = wholemodule;
				SWIFT_OPTIMIZATION_LEVEL = "-O";
			};
			name = Release;
		};
		8969CA0329C1ED0B001A6865 /* Debug */ = {
			isa = XCBuildConfiguration;
			buildSettings = {
				ASSETCATALOG_COMPILER_APPICON_NAME = AppIcon;
				ASSETCATALOG_COMPILER_GLOBAL_ACCENT_COLOR_NAME = AccentColor;
				CODE_SIGN_ENTITLEMENTS = TikTokTTS/TikTokTTS.entitlements;
				CODE_SIGN_STYLE = Automatic;
				COMBINE_HIDPI_IMAGES = YES;
				CURRENT_PROJECT_VERSION = 1;
				DEVELOPMENT_ASSET_PATHS = "\"TikTokTTS/Preview Content\"";
				DEVELOPMENT_TEAM = C4HKS39B24;
				ENABLE_HARDENED_RUNTIME = YES;
				ENABLE_PREVIEWS = YES;
				GENERATE_INFOPLIST_FILE = YES;
				INFOPLIST_KEY_NSHumanReadableCopyright = "";
				LD_RUNPATH_SEARCH_PATHS = (
					"$(inherited)",
					"@executable_path/../Frameworks",
				);
				MARKETING_VERSION = 1.0;
				PRODUCT_BUNDLE_IDENTIFIER = nl.wissehes.TikTokTTS;
				PRODUCT_NAME = "$(TARGET_NAME)";
				SWIFT_EMIT_LOC_STRINGS = YES;
				SWIFT_VERSION = 5.0;
			};
			name = Debug;
		};
		8969CA0429C1ED0B001A6865 /* Release */ = {
			isa = XCBuildConfiguration;
			buildSettings = {
				ASSETCATALOG_COMPILER_APPICON_NAME = AppIcon;
				ASSETCATALOG_COMPILER_GLOBAL_ACCENT_COLOR_NAME = AccentColor;
				CODE_SIGN_ENTITLEMENTS = TikTokTTS/TikTokTTS.entitlements;
				CODE_SIGN_STYLE = Automatic;
				COMBINE_HIDPI_IMAGES = YES;
				CURRENT_PROJECT_VERSION = 1;
				DEVELOPMENT_ASSET_PATHS = "\"TikTokTTS/Preview Content\"";
				DEVELOPMENT_TEAM = C4HKS39B24;
				ENABLE_HARDENED_RUNTIME = YES;
				ENABLE_PREVIEWS = YES;
				GENERATE_INFOPLIST_FILE = YES;
				INFOPLIST_KEY_NSHumanReadableCopyright = "";
				LD_RUNPATH_SEARCH_PATHS = (
					"$(inherited)",
					"@executable_path/../Frameworks",
				);
				MARKETING_VERSION = 1.0;
				PRODUCT_BUNDLE_IDENTIFIER = nl.wissehes.TikTokTTS;
				PRODUCT_NAME = "$(TARGET_NAME)";
				SWIFT_EMIT_LOC_STRINGS = YES;
				SWIFT_VERSION = 5.0;
			};
			name = Release;
		};
/* End XCBuildConfiguration section */

/* Begin XCConfigurationList section */
		8969C9EE29C1ED09001A6865 /* Build configuration list for PBXProject "TikTokTTS" */ = {
			isa = XCConfigurationList;
			buildConfigurations = (
				8969CA0029C1ED0B001A6865 /* Debug */,
				8969CA0129C1ED0B001A6865 /* Release */,
			);
			defaultConfigurationIsVisible = 0;
			defaultConfigurationName = Release;
		};
		8969CA0229C1ED0B001A6865 /* Build configuration list for PBXNativeTarget "TikTokTTS" */ = {
			isa = XCConfigurationList;
			buildConfigurations = (
				8969CA0329C1ED0B001A6865 /* Debug */,
				8969CA0429C1ED0B001A6865 /* Release */,
			);
			defaultConfigurationIsVisible = 0;
			defaultConfigurationName = Release;
		};
/* End XCConfigurationList section */

/* Begin XCRemoteSwiftPackageReference section */
		8969CA0A29C1EE25001A6865 /* XCRemoteSwiftPackageReference "Alamofire" */ = {
			isa = XCRemoteSwiftPackageReference;
			repositoryURL = "https://github.com/Alamofire/Alamofire";
			requirement = {
				kind = upToNextMajorVersion;
				minimumVersion = 5.0.0;
			};
		};
/* End XCRemoteSwiftPackageReference section */

/* Begin XCSwiftPackageProductDependency section */
		8969CA0B29C1EE25001A6865 /* Alamofire */ = {
			isa = XCSwiftPackageProductDependency;
			package = 8969CA0A29C1EE25001A6865 /* XCRemoteSwiftPackageReference "Alamofire" */;
			productName = Alamofire;
		};
/* End XCSwiftPackageProductDependency section */
	};
	rootObject = 8969C9EB29C1ED09001A6865 /* Project object */;
}
